
Microsoft Visual Studio Solution File, Format Version 12.00
# Visual Studio Version 17
VisualStudioVersion = 17.7.34202.233
MinimumVisualStudioVersion = 10.0.40219.1
Project("{FAE04EC0-301F-11D3-BF4B-00C04F79EFBC}") = "HTTP Server Service", "HTTP Server Service\HTTP Server Service.csproj", "{19AC43EF-07E1-4821-BA34-6F70AC652855}"
EndProject
Global
	GlobalSection(SolutionConfigurationPlatforms) = preSolution
		Debug|Any CPU = Debug|Any CPU
		Release|Any CPU = Release|Any CPU
	EndGlobalSection
	GlobalSection(ProjectConfigurationPlatforms) = postSolution
		{19AC43EF-07E1-4821-BA34-6F70AC652855}.Debug|Any CPU.ActiveCfg = Debug|Any CPU
		{19AC43EF-07E1-4821-BA34-6F70AC652855}.Debug|Any CPU.Build.0 = Debug|Any CPU
		{19AC43EF-07E1-4821-BA34-6F70AC652855}.Release|Any CPU.ActiveCfg = Release|Any CPU
		{19AC43EF-07E1-4821-BA34-6F70AC652855}.Release|Any CPU.Build.0 = Release|Any CPU
	EndGlobalSection
	GlobalSection(SolutionProperties) = preSolution
		HideSolutionNode = FALSE
	EndGlobalSection
	GlobalSection(ExtensibilityGlobals) = postSolution
		SolutionGuid = {54A18A49-00C5-4D8A-9380-6F21B60BB633}
	EndGlobalSection
EndGlobal
